
Microsoft Visual Studio Solution File, Format Version 12.00
# Visual Studio Version 16
VisualStudioVersion = 16.0.30717.126
MinimumVisualStudioVersion = 10.0.40219.1
Project("{FAE04EC0-301F-11D3-BF4B-00C04F79EFBC}") = "ConsoleApp2", "ConsoleApp2.csproj", "{1E8F4DF1-477F-4A43-BF83-C440F4A854F6}"
EndProject
Global
	GlobalSection(SolutionConfigurationPlatforms) = preSolution
		Debug|Any CPU = Debug|Any CPU
		Release|Any CPU = Release|Any CPU
	EndGlobalSection
	GlobalSection(ProjectConfigurationPlatforms) = postSolution
		{1E8F4DF1-477F-4A43-BF83-C440F4A854F6}.Debug|Any CPU.ActiveCfg = Debug|Any CPU
		{1E8F4DF1-477F-4A43-BF83-C440F4A854F6}.Debug|Any CPU.Build.0 = Debug|Any CPU
		{1E8F4DF1-477F-4A43-BF83-C440F4A854F6}.Release|Any CPU.ActiveCfg = Release|Any CPU
		{1E8F4DF1-477F-4A43-BF83-C440F4A854F6}.Release|Any CPU.Build.0 = Release|Any CPU
	EndGlobalSection
	GlobalSection(SolutionProperties) = preSolution
		HideSolutionNode = FALSE
	EndGlobalSection
	GlobalSection(ExtensibilityGlobals) = postSolution
		SolutionGuid = {1AFD641C-7441-40B8-8024-71E945E42E86}
	EndGlobalSection
EndGlobal
